
Microsoft Visual Studio Solution File, Format Version 12.00
# Visual Studio 15
VisualStudioVersion = 15.0.28307.705
MinimumVisualStudioVersion = 10.0.40219.1
Project("{FAE04EC0-301F-11D3-BF4B-00C04F79EFBC}") = "AppIntro", "AppIntro\AppIntro.csproj", "{8977ACE0-F8D5-4B26-A249-A4B620A68643}"
EndProject
Global
	GlobalSection(SolutionConfigurationPlatforms) = preSolution
		Debug|Any CPU = Debug|Any CPU
		Release|Any CPU = Release|Any CPU
	EndGlobalSection
	GlobalSection(ProjectConfigurationPlatforms) = postSolution
		{8977ACE0-F8D5-4B26-A249-A4B620A68643}.Debug|Any CPU.ActiveCfg = Debug|Any CPU
		{8977ACE0-F8D5-4B26-A249-A4B620A68643}.Debug|Any CPU.Build.0 = Debug|Any CPU
		{8977ACE0-F8D5-4B26-A249-A4B620A68643}.Release|Any CPU.ActiveCfg = Release|Any CPU
		{8977ACE0-F8D5-4B26-A249-A4B620A68643}.Release|Any CPU.Build.0 = Release|Any CPU
	EndGlobalSection
	GlobalSection(SolutionProperties) = preSolution
		HideSolutionNode = FALSE
	EndGlobalSection
	GlobalSection(ExtensibilityGlobals) = postSolution
		SolutionGuid = {95C0AA07-5AA6-460C-82CA-5D7C7C7E3B50}
	EndGlobalSection
EndGlobal
